{
  "name": "gltf-file-lib",
  "version": "1.0.0",
  "lockfileVersion": 1,
  "requires": true,
  "dependencies": {
    "binary-file-lib": {
      "version": "git+https://github.com/luckydye/binary-file-lib.git#950909e099f72b87cd61daa1ddb1713d0ed34bcb",
      "from": "git+https://github.com/luckydye/binary-file-lib.git"
    }
  }
}
